
Microsoft Visual Studio Solution File, Format Version 12.00
# Visual Studio Version 17
VisualStudioVersion = 17.0.31919.166
MinimumVisualStudioVersion = 10.0.40219.1
Project("{FAE04EC0-301F-11D3-BF4B-00C04F79EFBC}") = "DependencyInjection", "DependencyInjection.csproj", "{3F8CF302-20C5-44D8-98A6-27BF2A94516D}"
EndProject
Global
	GlobalSection(SolutionConfigurationPlatforms) = preSolution
		Debug|Any CPU = Debug|Any CPU
		Release|Any CPU = Release|Any CPU
	EndGlobalSection
	GlobalSection(ProjectConfigurationPlatforms) = postSolution
		{3F8CF302-20C5-44D8-98A6-27BF2A94516D}.Debug|Any CPU.ActiveCfg = Debug|Any CPU
		{3F8CF302-20C5-44D8-98A6-27BF2A94516D}.Debug|Any CPU.Build.0 = Debug|Any CPU
		{3F8CF302-20C5-44D8-98A6-27BF2A94516D}.Release|Any CPU.ActiveCfg = Release|Any CPU
		{3F8CF302-20C5-44D8-98A6-27BF2A94516D}.Release|Any CPU.Build.0 = Release|Any CPU
	EndGlobalSection
	GlobalSection(SolutionProperties) = preSolution
		HideSolutionNode = FALSE
	EndGlobalSection
	GlobalSection(ExtensibilityGlobals) = postSolution
		SolutionGuid = {E4D6ACBC-CA46-4D62-B250-07836C4BC7E6}
	EndGlobalSection
EndGlobal
